
Microsoft Visual Studio Solution File, Format Version 12.00
# Visual Studio 2013
VisualStudioVersion = 12.0.40629.0
MinimumVisualStudioVersion = 10.0.40219.1
Project("{FAE04EC0-301F-11D3-BF4B-00C04F79EFBC}") = "CoursesiOS", "CoursesiOS\CoursesiOS.csproj", "{990EAE96-F70C-4129-B9C3-5C61246EBCF0}"
EndProject
Project("{FAE04EC0-301F-11D3-BF4B-00C04F79EFBC}") = "CoursesAndroid", "CoursesAndroid\CoursesAndroid.csproj", "{04FC8C96-F00F-4370-8452-8F50EB74745E}"
EndProject
Project("{FAE04EC0-301F-11D3-BF4B-00C04F79EFBC}") = "CoursesLibrary", "CoursesLibrary\CoursesLibrary.csproj", "{9A441470-9039-4AB3-A339-2DBC613930E6}"
EndProject
Global
	GlobalSection(SolutionConfigurationPlatforms) = preSolution
		Ad-Hoc|Any CPU = Ad-Hoc|Any CPU
		Ad-Hoc|iPhone = Ad-Hoc|iPhone
		Ad-Hoc|iPhoneSimulator = Ad-Hoc|iPhoneSimulator
		Ad-Hoc|Mixed Platforms = Ad-Hoc|Mixed Platforms
		AppStore|Any CPU = AppStore|Any CPU
		AppStore|iPhone = AppStore|iPhone
		AppStore|iPhoneSimulator = AppStore|iPhoneSimulator
		AppStore|Mixed Platforms = AppStore|Mixed Platforms
		Debug|Any CPU = Debug|Any CPU
		Debug|iPhone = Debug|iPhone
		Debug|iPhoneSimulator = Debug|iPhoneSimulator
		Debug|Mixed Platforms = Debug|Mixed Platforms
		Release|Any CPU = Release|Any CPU
		Release|iPhone = Release|iPhone
		Release|iPhoneSimulator = Release|iPhoneSimulator
		Release|Mixed Platforms = Release|Mixed Platforms
	EndGlobalSection
	GlobalSection(ProjectConfigurationPlatforms) = postSolution
		{990EAE96-F70C-4129-B9C3-5C61246EBCF0}.Ad-Hoc|Any CPU.ActiveCfg = Ad-Hoc|iPhoneSimulator
		{990EAE96-F70C-4129-B9C3-5C61246EBCF0}.Ad-Hoc|iPhone.ActiveCfg = Ad-Hoc|iPhone
		{990EAE96-F70C-4129-B9C3-5C61246EBCF0}.Ad-Hoc|iPhone.Build.0 = Ad-Hoc|iPhone
		{990EAE96-F70C-4129-B9C3-5C61246EBCF0}.Ad-Hoc|iPhoneSimulator.ActiveCfg = Ad-Hoc|iPhoneSimulator
		{990EAE96-F70C-4129-B9C3-5C61246EBCF0}.Ad-Hoc|iPhoneSimulator.Build.0 = Ad-Hoc|iPhoneSimulator
		{990EAE96-F70C-4129-B9C3-5C61246EBCF0}.Ad-Hoc|Mixed Platforms.ActiveCfg = Ad-Hoc|iPhoneSimulator
		{990EAE96-F70C-4129-B9C3-5C61246EBCF0}.Ad-Hoc|Mixed Platforms.Build.0 = Ad-Hoc|iPhoneSimulator
		{990EAE96-F70C-4129-B9C3-5C61246EBCF0}.AppStore|Any CPU.ActiveCfg = AppStore|iPhoneSimulator
		{990EAE96-F70C-4129-B9C3-5C61246EBCF0}.AppStore|iPhone.ActiveCfg = AppStore|iPhone
		{990EAE96-F70C-4129-B9C3-5C61246EBCF0}.AppStore|iPhone.Build.0 = AppStore|iPhone
		{990EAE96-F70C-4129-B9C3-5C61246EBCF0}.AppStore|iPhoneSimulator.ActiveCfg = AppStore|iPhoneSimulator
		{990EAE96-F70C-4129-B9C3-5C61246EBCF0}.AppStore|iPhoneSimulator.Build.0 = AppStore|iPhoneSimulator
		{990EAE96-F70C-4129-B9C3-5C61246EBCF0}.AppStore|Mixed Platforms.ActiveCfg = AppStore|iPhoneSimulator
		{990EAE96-F70C-4129-B9C3-5C61246EBCF0}.AppStore|Mixed Platforms.Build.0 = AppStore|iPhoneSimulator
		{990EAE96-F70C-4129-B9C3-5C61246EBCF0}.Debug|Any CPU.ActiveCfg = Debug|iPhoneSimulator
		{990EAE96-F70C-4129-B9C3-5C61246EBCF0}.Debug|iPhone.ActiveCfg = Debug|iPhone
		{990EAE96-F70C-4129-B9C3-5C61246EBCF0}.Debug|iPhone.Build.0 = Debug|iPhone
		{990EAE96-F70C-4129-B9C3-5C61246EBCF0}.Debug|iPhoneSimulator.ActiveCfg = Debug|iPhoneSimulator
		{990EAE96-F70C-4129-B9C3-5C61246EBCF0}.Debug|iPhoneSimulator.Build.0 = Debug|iPhoneSimulator
		{990EAE96-F70C-4129-B9C3-5C61246EBCF0}.Debug|Mixed Platforms.ActiveCfg = Debug|iPhoneSimulator
		{990EAE96-F70C-4129-B9C3-5C61246EBCF0}.Debug|Mixed Platforms.Build.0 = Debug|iPhoneSimulator
		{990EAE96-F70C-4129-B9C3-5C61246EBCF0}.Release|Any CPU.ActiveCfg = Release|iPhoneSimulator
		{990EAE96-F70C-4129-B9C3-5C61246EBCF0}.Release|iPhone.ActiveCfg = Release|iPhone
		{990EAE96-F70C-4129-B9C3-5C61246EBCF0}.Release|iPhone.Build.0 = Release|iPhone
		{990EAE96-F70C-4129-B9C3-5C61246EBCF0}.Release|iPhoneSimulator.ActiveCfg = Release|iPhoneSimulator
		{990EAE96-F70C-4129-B9C3-5C61246EBCF0}.Release|iPhoneSimulator.Build.0 = Release|iPhoneSimulator
		{990EAE96-F70C-4129-B9C3-5C61246EBCF0}.Release|Mixed Platforms.ActiveCfg = Release|iPhoneSimulator
		{990EAE96-F70C-4129-B9C3-5C61246EBCF0}.Release|Mixed Platforms.Build.0 = Release|iPhoneSimulator
		{04FC8C96-F00F-4370-8452-8F50EB74745E}.Ad-Hoc|Any CPU.ActiveCfg = Release|Any CPU
		{04FC8C96-F00F-4370-8452-8F50EB74745E}.Ad-Hoc|Any CPU.Build.0 = Release|Any CPU
		{04FC8C96-F00F-4370-8452-8F50EB74745E}.Ad-Hoc|Any CPU.Deploy.0 = Release|Any CPU
		{04FC8C96-F00F-4370-8452-8F50EB74745E}.Ad-Hoc|iPhone.ActiveCfg = Release|Any CPU
		{04FC8C96-F00F-4370-8452-8F50EB74745E}.Ad-Hoc|iPhoneSimulator.ActiveCfg = Release|Any CPU
		{04FC8C96-F00F-4370-8452-8F50EB74745E}.Ad-Hoc|Mixed Platforms.ActiveCfg = Release|Any CPU
		{04FC8C96-F00F-4370-8452-8F50EB74745E}.Ad-Hoc|Mixed Platforms.Build.0 = Release|Any CPU
		{04FC8C96-F00F-4370-8452-8F50EB74745E}.Ad-Hoc|Mixed Platforms.Deploy.0 = Release|Any CPU
		{04FC8C96-F00F-4370-8452-8F50EB74745E}.AppStore|Any CPU.ActiveCfg = Release|Any CPU
		{04FC8C96-F00F-4370-8452-8F50EB74745E}.AppStore|Any CPU.Build.0 = Release|Any CPU
		{04FC8C96-F00F-4370-8452-8F50EB74745E}.AppStore|Any CPU.Deploy.0 = Release|Any CPU
		{04FC8C96-F00F-4370-8452-8F50EB74745E}.AppStore|iPhone.ActiveCfg = Release|Any CPU
		{04FC8C96-F00F-4370-8452-8F50EB74745E}.AppStore|iPhoneSimulator.ActiveCfg = Release|Any CPU
		{04FC8C96-F00F-4370-8452-8F50EB74745E}.AppStore|Mixed Platforms.ActiveCfg = Release|Any CPU
		{04FC8C96-F00F-4370-8452-8F50EB74745E}.AppStore|Mixed Platforms.Build.0 = Release|Any CPU
		{04FC8C96-F00F-4370-8452-8F50EB74745E}.AppStore|Mixed Platforms.Deploy.0 = Release|Any CPU
		{04FC8C96-F00F-4370-8452-8F50EB74745E}.Debug|Any CPU.ActiveCfg = Debug|Any CPU
		{04FC8C96-F00F-4370-8452-8F50EB74745E}.Debug|Any CPU.Build.0 = Debug|Any CPU
		{04FC8C96-F00F-4370-8452-8F50EB74745E}.Debug|Any CPU.Deploy.0 = Debug|Any CPU
		{04FC8C96-F00F-4370-8452-8F50EB74745E}.Debug|iPhone.ActiveCfg = Debug|Any CPU
		{04FC8C96-F00F-4370-8452-8F50EB74745E}.Debug|iPhoneSimulator.ActiveCfg = Debug|Any CPU
		{04FC8C96-F00F-4370-8452-8F50EB74745E}.Debug|Mixed Platforms.ActiveCfg = Debug|Any CPU
		{04FC8C96-F00F-4370-8452-8F50EB74745E}.Debug|Mixed Platforms.Build.0 = Debug|Any CPU
		{04FC8C96-F00F-4370-8452-8F50EB74745E}.Debug|Mixed Platforms.Deploy.0 = Debug|Any CPU
		{04FC8C96-F00F-4370-8452-8F50EB74745E}.Release|Any CPU.ActiveCfg = Release|Any CPU
		{04FC8C96-F00F-4370-8452-8F50EB74745E}.Release|Any CPU.Build.0 = Release|Any CPU
		{04FC8C96-F00F-4370-8452-8F50EB74745E}.Release|Any CPU.Deploy.0 = Release|Any CPU
		{04FC8C96-F00F-4370-8452-8F50EB74745E}.Release|iPhone.ActiveCfg = Release|Any CPU
		{04FC8C96-F00F-4370-8452-8F50EB74745E}.Release|iPhoneSimulator.ActiveCfg = Release|Any CPU
		{04FC8C96-F00F-4370-8452-8F50EB74745E}.Release|Mixed Platforms.ActiveCfg = Release|Any CPU
		{04FC8C96-F00F-4370-8452-8F50EB74745E}.Release|Mixed Platforms.Build.0 = Release|Any CPU
		{04FC8C96-F00F-4370-8452-8F50EB74745E}.Release|Mixed Platforms.Deploy.0 = Release|Any CPU
		{9A441470-9039-4AB3-A339-2DBC613930E6}.Ad-Hoc|Any CPU.ActiveCfg = Release|Any CPU
		{9A441470-9039-4AB3-A339-2DBC613930E6}.Ad-Hoc|Any CPU.Build.0 = Release|Any CPU
		{9A441470-9039-4AB3-A339-2DBC613930E6}.Ad-Hoc|iPhone.ActiveCfg = Release|Any CPU
		{9A441470-9039-4AB3-A339-2DBC613930E6}.Ad-Hoc|iPhoneSimulator.ActiveCfg = Release|Any CPU
		{9A441470-9039-4AB3-A339-2DBC613930E6}.Ad-Hoc|Mixed Platforms.ActiveCfg = Release|Any CPU
		{9A441470-9039-4AB3-A339-2DBC613930E6}.Ad-Hoc|Mixed Platforms.Build.0 = Release|Any CPU
		{9A441470-9039-4AB3-A339-2DBC613930E6}.AppStore|Any CPU.ActiveCfg = Release|Any CPU
		{9A441470-9039-4AB3-A339-2DBC613930E6}.AppStore|Any CPU.Build.0 = Release|Any CPU
		{9A441470-9039-4AB3-A339-2DBC613930E6}.AppStore|iPhone.ActiveCfg = Release|Any CPU
		{9A441470-9039-4AB3-A339-2DBC613930E6}.AppStore|iPhoneSimulator.ActiveCfg = Release|Any CPU
		{9A441470-9039-4AB3-A339-2DBC613930E6}.AppStore|Mixed Platforms.ActiveCfg = Release|Any CPU
		{9A441470-9039-4AB3-A339-2DBC613930E6}.AppStore|Mixed Platforms.Build.0 = Release|Any CPU
		{9A441470-9039-4AB3-A339-2DBC613930E6}.Debug|Any CPU.ActiveCfg = Debug|Any CPU
		{9A441470-9039-4AB3-A339-2DBC613930E6}.Debug|Any CPU.Build.0 = Debug|Any CPU
		{9A441470-9039-4AB3-A339-2DBC613930E6}.Debug|iPhone.ActiveCfg = Debug|Any CPU
		{9A441470-9039-4AB3-A339-2DBC613930E6}.Debug|iPhoneSimulator.ActiveCfg = Debug|Any CPU
		{9A441470-9039-4AB3-A339-2DBC613930E6}.Debug|Mixed Platforms.ActiveCfg = Debug|Any CPU
		{9A441470-9039-4AB3-A339-2DBC613930E6}.Debug|Mixed Platforms.Build.0 = Debug|Any CPU
		{9A441470-9039-4AB3-A339-2DBC613930E6}.Release|Any CPU.ActiveCfg = Release|Any CPU
		{9A441470-9039-4AB3-A339-2DBC613930E6}.Release|Any CPU.Build.0 = Release|Any CPU
		{9A441470-9039-4AB3-A339-2DBC613930E6}.Release|iPhone.ActiveCfg = Release|Any CPU
		{9A441470-9039-4AB3-A339-2DBC613930E6}.Release|iPhoneSimulator.ActiveCfg = Release|Any CPU
		{9A441470-9039-4AB3-A339-2DBC613930E6}.Release|Mixed Platforms.ActiveCfg = Release|Any CPU
		{9A441470-9039-4AB3-A339-2DBC613930E6}.Release|Mixed Platforms.Build.0 = Release|Any CPU
	EndGlobalSection
	GlobalSection(SolutionProperties) = preSolution
		HideSolutionNode = FALSE
	EndGlobalSection
EndGlobal
